Microsoft Visual Studio Solution File, Format Version 12.00
# Visual Studio Version 18
VisualStudioVersion = 18.10.12210.168 stable
MinimumVisualStudioVersion = 10.0.40219.1
Project("{8BC9CEB8-8B4A-11D0-8D11-00A0C91BC942}") = "MovieTheatre", "MovieTheatre.vcxproj", "{6B0B6E7C-7F8A-4C1B-A123-2C9D4A0A2026}"
EndProject
Global
	GlobalSection(SolutionConfigurationPlatforms) = preSolution
		Debug|x64 = Debug|x64
		Release|x64 = Release|x64
	EndGlobalSection
	GlobalSection(ProjectConfigurationPlatforms) = postSolution
		{6B0B6E7C-7F8A-4C1B-A123-2C9D4A0A2026}.Debug|x64.ActiveCfg = Debug|x64
		{6B0B6E7C-7F8A-4C1B-A123-2C9D4A0A2026}.Debug|x64.Build.0 = Debug|x64
		{6B0B6E7C-7F8A-4C1B-A123-2C9D4A0A2026}.Release|x64.ActiveCfg = Release|x64
		{6B0B6E7C-7F8A-4C1B-A123-2C9D4A0A2026}.Release|x64.Build.0 = Release|x64
	EndGlobalSection
	GlobalSection(SolutionProperties) = preSolution
		HideSolutionNode = FALSE
	EndGlobalSection
EndGlobal
